// !$*UTF8*$!
{
	archiveVersion = 1;
	classes = {
	};
	objectVersion = 50;
	objects = {

/* Begin PBXBuildFile section */
		E3AC402026A724BE0049B467 /* AppDelegate.swift in Sources */ = {isa = PBXBuildFile; fileRef = E3AC401F26A724BE0049B467 /* AppDelegate.swift */; };
		E3AC402226A724BE0049B467 /* SceneDelegate.swift in Sources */ = {isa = PBXBuildFile; fileRef = E3AC402126A724BE0049B467 /* SceneDelegate.swift */; };
		E3AC402426A724BE0049B467 /* ViewController1.swift in Sources */ = {isa = PBXBuildFile; fileRef = E3AC402326A724BE0049B467 /* ViewController1.swift */; };
		E3AC402726A724BE0049B467 /* Main.storyboard in Resources */ = {isa = PBXBuildFile; fileRef = E3AC402526A724BE0049B467 /* Main.storyboard */; };
		E3AC402926A724C50049B467 /* Assets.xcassets in Resources */ = {isa = PBXBuildFile; fileRef = E3AC402826A724C50049B467 /* Assets.xcassets */; };
		E3AC402C26A724C50049B467 /* LaunchScreen.storyboard in Resources */ = {isa = PBXBuildFile; fileRef = E3AC402A26A724C50049B467 /* LaunchScreen.storyboard */; };
		E3AC403626A724F80049B467 /* ViewController2.swift in Sources */ = {isa = PBXBuildFile; fileRef = E3AC403526A724F80049B467 /* ViewController2.swift */; };
		E3AC403926A7250A0049B467 /* ViewController3.swift in Sources */ = {isa = PBXBuildFile; fileRef = E3AC403826A7250A0049B467 /* ViewController3.swift */; };
		E3AC403D26A7268D0049B467 /* PersonCell.swift in Sources */ = {isa = PBXBuildFile; fileRef = E3AC403B26A7268D0049B467 /* PersonCell.swift */; };
		E3AC403E26A7268D0049B467 /* PersonCell.xib in Resources */ = {isa = PBXBuildFile; fileRef = E3AC403C26A7268D0049B467 /* PersonCell.xib */; };
		E3AC404126A728160049B467 /* Person.swift in Sources */ = {isa = PBXBuildFile; fileRef = E3AC404026A728160049B467 /* Person.swift */; };
/* End PBXBuildFile section */

/* Begin PBXFileReference section */
		E3AC401C26A724BE0049B467 /* Person Back Data Parsing (Closure).app */ = {isa = PBXFileReference; explicitFileType = wrapper.application; includeInIndex = 0; path = "Person Back Data Parsing (Closure).app"; sourceTree = BUILT_PRODUCTS_DIR; };
		E3AC401F26A724BE0049B467 /* AppDelegate.swift */ = {isa = PBXFileReference; lastKnownFileType = sourcecode.swift; path = AppDelegate.swift; sourceTree = "<group>"; };
		E3AC402126A724BE0049B467 /* SceneDelegate.swift */ = {isa = PBXFileReference; lastKnownFileType = sourcecode.swift; path = SceneDelegate.swift; sourceTree = "<group>"; };
		E3AC402326A724BE0049B467 /* ViewController1.swift */ = {isa = PBXFileReference; lastKnownFileType = sourcecode.swift; path = ViewController1.swift; sourceTree = "<group>"; };
		E3AC402626A724BE0049B467 /* Base */ = {isa = PBXFileReference; lastKnownFileType = file.storyboard; name = Base; path = Base.lproj/Main.storyboard; sourceTree = "<group>"; };
		E3AC402826A724C50049B467 /* Assets.xcassets */ = {isa = PBXFileReference; lastKnownFileType = folder.assetcatalog; path = Assets.xcassets; sourceTree = "<group>"; };
		E3AC402B26A724C50049B467 /* Base */ = {isa = PBXFileReference; lastKnownFileType = file.storyboard; name = Base; path = Base.lproj/LaunchScreen.storyboard; sourceTree = "<group>"; };
		E3AC402D26A724C50049B467 /* Info.plist */ = {isa = PBXFileReference; lastKnownFileType = text.plist.xml; path = Info.plist; sourceTree = "<group>"; };
		E3AC403526A724F80049B467 /* ViewController2.swift */ = {isa = PBXFileReference; lastKnownFileType = sourcecode.swift; path = ViewController2.swift; sourceTree = "<group>"; };
		E3AC403826A7250A0049B467 /* ViewController3.swift */ = {isa = PBXFileReference; lastKnownFileType = sourcecode.swift; path = ViewController3.swift; sourceTree = "<group>"; };
		E3AC403B26A7268D0049B467 /* PersonCell.swift */ = {isa = PBXFileReference; lastKnownFileType = sourcecode.swift; path = PersonCell.swift; sourceTree = "<group>"; };
		E3AC403C26A7268D0049B467 /* PersonCell.xib */ = {isa = PBXFileReference; lastKnownFileType = file.xib; path = PersonCell.xib; sourceTree = "<group>"; };
		E3AC404026A728160049B467 /* Person.swift */ = {isa = PBXFileReference; lastKnownFileType = sourcecode.swift; path = Person.swift; sourceTree = "<group>"; };
/* End PBXFileReference section */

/* Begin PBXFrameworksBuildPhase section */
		E3AC401926A724BE0049B467 /* Frameworks */ = {
			isa = PBXFrameworksBuildPhase;
			buildActionMask = 2147483647;
			files = (
			);
			runOnlyForDeploymentPostprocessing = 0;
		};
/* End PBXFrameworksBuildPhase section */

/* Begin PBXGroup section */
		E3AC401326A724BE0049B467 = {
			isa = PBXGroup;
			children = (
				E3AC401E26A724BE0049B467 /* Person Back Data Parsing (Closure) */,
				E3AC401D26A724BE0049B467 /* Products */,
			);
			sourceTree = "<group>";
		};
		E3AC401D26A724BE0049B467 /* Products */ = {
			isa = PBXGroup;
			children = (
				E3AC401C26A724BE0049B467 /* Person Back Data Parsing (Closure).app */,
			);
			name = Products;
			sourceTree = "<group>";
		};
		E3AC401E26A724BE0049B467 /* Person Back Data Parsing (Closure) */ = {
			isa = PBXGroup;
			children = (
				E3AC401F26A724BE0049B467 /* AppDelegate.swift */,
				E3AC402126A724BE0049B467 /* SceneDelegate.swift */,
				E3AC404026A728160049B467 /* Person.swift */,
				E3AC402326A724BE0049B467 /* ViewController1.swift */,
				E3AC403526A724F80049B467 /* ViewController2.swift */,
				E3AC403826A7250A0049B467 /* ViewController3.swift */,
				E3AC402526A724BE0049B467 /* Main.storyboard */,
				E3AC403B26A7268D0049B467 /* PersonCell.swift */,
				E3AC403C26A7268D0049B467 /* PersonCell.xib */,
				E3AC402826A724C50049B467 /* Assets.xcassets */,
				E3AC402A26A724C50049B467 /* LaunchScreen.storyboard */,
				E3AC402D26A724C50049B467 /* Info.plist */,
			);
			path = "Person Back Data Parsing (Closure)";
			sourceTree = "<group>";
		};
/* End PBXGroup section */

/* Begin PBXNativeTarget section */
		E3AC401B26A724BE0049B467 /* Person Back Data Parsing (Closure) */ = {
			isa = PBXNativeTarget;
			buildConfigurationList = E3AC403026A724C50049B467 /* Build configuration list for PBXNativeTarget "Person Back Data Parsing (Closure)" */;
			buildPhases = (
				E3AC401826A724BE0049B467 /* Sources */,
				E3AC401926A724BE0049B467 /* Frameworks */,
				E3AC401A26A724BE0049B467 /* Resources */,
			);
			buildRules = (
			);
			dependencies = (
			);
			name = "Person Back Data Parsing (Closure)";
			productName = "Person Back Data Parsing (Closure)";
			productReference = E3AC401C26A724BE0049B467 /* Person Back Data Parsing (Closure).app */;
			productType = "com.apple.product-type.application";
		};
/* End PBXNativeTarget section */

/* Begin PBXProject section */
		E3AC401426A724BE0049B467 /* Project object */ = {
			isa = PBXProject;
			attributes = {
				LastSwiftUpdateCheck = 1230;
				LastUpgradeCheck = 1230;
				TargetAttributes = {
					E3AC401B26A724BE0049B467 = {
						CreatedOnToolsVersion = 12.3;
					};
				};
			};
			buildConfigurationList = E3AC401726A724BE0049B467 /* Build configuration list for PBXProject "Person Back Data Parsing (Closure)" */;
			compatibilityVersion = "Xcode 9.3";
			developmentRegion = en;
			hasScannedForEncodings = 0;
			knownRegions = (
				en,
				Base,
			);
			mainGroup = E3AC401326A724BE0049B467;
			productRefGroup = E3AC401D26A724BE0049B467 /* Products */;
			projectDirPath = "";
			projectRoot = "";
			targets = (
				E3AC401B26A724BE0049B467 /* Person Back Data Parsing (Closure) */,
			);
		};
/* End PBXProject section */

/* Begin PBXResourcesBuildPhase section */
		E3AC401A26A724BE0049B467 /* Resources */ = {
			isa = PBXResourcesBuildPhase;
			buildActionMask = 2147483647;
			files = (
				E3AC402C26A724C50049B467 /* LaunchScreen.storyboard in Resources */,
				E3AC402926A724C50049B467 /* Assets.xcassets in Resources */,
				E3AC403E26A7268D0049B467 /* PersonCell.xib in Resources */,
				E3AC402726A724BE0049B467 /* Main.storyboard in Resources */,
			);
			runOnlyForDeploymentPostprocessing = 0;
		};
/* End PBXResourcesBuildPhase section */

/* Begin PBXSourcesBuildPhase section */
		E3AC401826A724BE0049B467 /* Sources */ = {
			isa = PBXSourcesBuildPhase;
			buildActionMask = 2147483647;
			files = (
				E3AC403D26A7268D0049B467 /* PersonCell.swift in Sources */,
				E3AC403926A7250A0049B467 /* ViewController3.swift in Sources */,
				E3AC402426A724BE0049B467 /* ViewController1.swift in Sources */,
				E3AC403626A724F80049B467 /* ViewController2.swift in Sources */,
				E3AC404126A728160049B467 /* Person.swift in Sources */,
				E3AC402026A724BE0049B467 /* AppDelegate.swift in Sources */,
				E3AC402226A724BE0049B467 /* SceneDelegate.swift in Sources */,
			);
			runOnlyForDeploymentPostprocessing = 0;
		};
/* End PBXSourcesBuildPhase section */

/* Begin PBXVariantGroup section */
		E3AC402526A724BE0049B467 /* Main.storyboard */ = {
			isa = PBXVariantGroup;
			children = (
				E3AC402626A724BE0049B467 /* Base */,
			);
			name = Main.storyboard;
			sourceTree = "<group>";
		};
		E3AC402A26A724C50049B467 /* LaunchScreen.storyboard */ = {
			isa = PBXVariantGroup;
			children = (
				E3AC402B26A724C50049B467 /* Base */,
			);
			name = LaunchScreen.storyboard;
			sourceTree = "<group>";
		};
/* End PBXVariantGroup section */

/* Begin XCBuildConfiguration section */
		E3AC402E26A724C50049B467 /* Debug */ = {
			isa = XCBuildConfiguration;
			buildSettings = {
				ALWAYS_SEARCH_USER_PATHS = NO;
				CLANG_ANALYZER_NONNULL = YES;
				CLANG_ANALYZER_NUMBER_OBJECT_CONVERSION = YES_AGGRESSIVE;
				CLANG_CXX_LANGUAGE_STANDARD = "gnu++14";
				CLANG_CXX_LIBRARY = "libc++";
				CLANG_ENABLE_MODULES = YES;
				CLANG_ENABLE_OBJC_ARC = YES;
				CLANG_ENABLE_OBJC_WEAK = YES;
				CLANG_WARN_BLOCK_CAPTURE_AUTORELEASING = YES;
				CLANG_WARN_BOOL_CONVERSION = YES;
				CLANG_WARN_COMMA = YES;
				CLANG_WARN_CONSTANT_CONVERSION = YES;
				CLANG_WARN_DEPRECATED_OBJC_IMPLEMENTATIONS = YES;
				CLANG_WARN_DIRECT_OBJC_ISA_USAGE = YES_ERROR;
				CLANG_WARN_DOCUMENTATION_COMMENTS = YES;
				CLANG_WARN_EMPTY_BODY = YES;
				CLANG_WARN_ENUM_CONVERSION = YES;
				CLANG_WARN_INFINITE_RECURSION = YES;
				CLANG_WARN_INT_CONVERSION = YES;
				CLANG_WARN_NON_LITERAL_NULL_CONVERSION = YES;
				CLANG_WARN_OBJC_IMPLICIT_RETAIN_SELF = YES;
				CLANG_WARN_OBJC_LITERAL_CONVERSION = YES;
				CLANG_WARN_OBJC_ROOT_CLASS = YES_ERROR;
				CLANG_WARN_QUOTED_INCLUDE_IN_FRAMEWORK_HEADER = YES;
				CLANG_WARN_RANGE_LOOP_ANALYSIS = YES;
				CLANG_WARN_STRICT_PROTOTYPES = YES;
				CLANG_WARN_SUSPICIOUS_MOVE = YES;
				CLANG_WARN_UNGUARDED_AVAILABILITY = YES_AGGRESSIVE;
				CLANG_WARN_UNREACHABLE_CODE = YES;
				CLANG_WARN__DUPLICATE_METHOD_MATCH = YES;
				COPY_PHASE_STRIP = NO;
				DEBUG_INFORMATION_FORMAT = dwarf;
				ENABLE_STRICT_OBJC_MSGSEND = YES;
				ENABLE_TESTABILITY = YES;
				GCC_C_LANGUAGE_STANDARD = gnu11;
				GCC_DYNAMIC_NO_PIC = NO;
				GCC_NO_COMMON_BLOCKS = YES;
				GCC_OPTIMIZATION_LEVEL = 0;
				GCC_PREPROCESSOR_DEFINITIONS = (
					"DEBUG=1",
					"$(inherited)",
				);
				GCC_WARN_64_TO_32_BIT_CONVERSION = YES;
				GCC_WARN_ABOUT_RETURN_TYPE = YES_ERROR;
				GCC_WARN_UNDECLARED_SELECTOR = YES;
				GCC_WARN_UNINITIALIZED_AUTOS = YES_AGGRESSIVE;
				GCC_WARN_UNUSED_FUNCTION = YES;
				GCC_WARN_UNUSED_VARIABLE = YES;
				IPHONEOS_DEPLOYMENT_TARGET = 14.3;
				MTL_ENABLE_DEBUG_INFO = INCLUDE_SOURCE;
				MTL_FAST_MATH = YES;
				ONLY_ACTIVE_ARCH = YES;
				SDKROOT = iphoneos;
				SWIFT_ACTIVE_COMPILATION_CONDITIONS = DEBUG;
				SWIFT_OPTIMIZATION_LEVEL = "-Onone";
			};
			name = Debug;
		};
		E3AC402F26A724C50049B467 /* Release */ = {
			isa = XCBuildConfiguration;
			buildSettings = {
				ALWAYS_SEARCH_USER_PATHS = NO;
				CLANG_ANALYZER_NONNULL = YES;
				CLANG_ANALYZER_NUMBER_OBJECT_CONVERSION = YES_AGGRESSIVE;
				CLANG_CXX_LANGUAGE_STANDARD = "gnu++14";
				CLANG_CXX_LIBRARY = "libc++";
				CLANG_ENABLE_MODULES = YES;
				CLANG_ENABLE_OBJC_ARC = YES;
				CLANG_ENABLE_OBJC_WEAK = YES;
				CLANG_WARN_BLOCK_CAPTURE_AUTORELEASING = YES;
				CLANG_WARN_BOOL_CONVERSION = YES;
				CLANG_WARN_COMMA = YES;
				CLANG_WARN_CONSTANT_CONVERSION = YES;
				CLANG_WARN_DEPRECATED_OBJC_IMPLEMENTATIONS = YES;
				CLANG_WARN_DIRECT_OBJC_ISA_USAGE = YES_ERROR;
				CLANG_WARN_DOCUMENTATION_COMMENTS = YES;
				CLANG_WARN_EMPTY_BODY = YES;
				CLANG_WARN_ENUM_CONVERSION = YES;
				CLANG_WARN_INFINITE_RECURSION = YES;
				CLANG_WARN_INT_CONVERSION = YES;
				CLANG_WARN_NON_LITERAL_NULL_CONVERSION = YES;
				CLANG_WARN_OBJC_IMPLICIT_RETAIN_SELF = YES;
				CLANG_WARN_OBJC_LITERAL_CONVERSION = YES;
				CLANG_WARN_OBJC_ROOT_CLASS = YES_ERROR;
				CLANG_WARN_QUOTED_INCLUDE_IN_FRAMEWORK_HEADER = YES;
				CLANG_WARN_RANGE_LOOP_ANALYSIS = YES;
				CLANG_WARN_STRICT_PROTOTYPES = YES;
				CLANG_WARN_SUSPICIOUS_MOVE = YES;
				CLANG_WARN_UNGUARDED_AVAILABILITY = YES_AGGRESSIVE;
				CLANG_WARN_UNREACHABLE_CODE = YES;
				CLANG_WARN__DUPLICATE_METHOD_MATCH = YES;
				COPY_PHASE_STRIP = NO;
				DEBUG_INFORMATION_FORMAT = "dwarf-with-dsym";
				ENABLE_NS_ASSERTIONS = NO;
				ENABLE_STRICT_OBJC_MSGSEND = YES;
				GCC_C_LANGUAGE_STANDARD = gnu11;
				GCC_NO_COMMON_BLOCKS = YES;
				GCC_WARN_64_TO_32_BIT_CONVERSION = YES;
				GCC_WARN_ABOUT_RETURN_TYPE = YES_ERROR;
				GCC_WARN_UNDECLARED_SELECTOR = YES;
				GCC_WARN_UNINITIALIZED_AUTOS = YES_AGGRESSIVE;
				GCC_WARN_UNUSED_FUNCTION = YES;
				GCC_WARN_UNUSED_VARIABLE = YES;
				IPHONEOS_DEPLOYMENT_TARGET = 14.3;
				MTL_ENABLE_DEBUG_INFO = NO;
				MTL_FAST_MATH = YES;
				SDKROOT = iphoneos;
				SWIFT_COMPILATION_MODE = wholemodule;
				SWIFT_OPTIMIZATION_LEVEL = "-O";
				VALIDATE_PRODUCT = YES;
			};
			name = Release;
		};
		E3AC403126A724C50049B467 /* Debug */ = {
			isa = XCBuildConfiguration;
			buildSettings = {
				ASSETCATALOG_COMPILER_APPICON_NAME = AppIcon;
				ASSETCATALOG_COMPILER_GLOBAL_ACCENT_COLOR_NAME = AccentColor;
				CODE_SIGN_STYLE = Automatic;
				DEVELOPMENT_TEAM = AMJ3KHQ4M5;
				INFOPLIST_FILE = "Person Back Data Parsing (Closure)/Info.plist";
				LD_RUNPATH_SEARCH_PATHS = (
					"$(inherited)",
					"@executable_path/Frameworks",
				);
				PRODUCT_BUNDLE_IDENTIFIER = "com.arifashraf.Person-Back-Data-Parsing--Closure-";
				PRODUCT_NAME = "$(TARGET_NAME)";
				SWIFT_VERSION = 5.0;
				TARGETED_DEVICE_FAMILY = "1,2";
			};
			name = Debug;
		};
		E3AC403226A724C50049B467 /* Release */ = {
			isa = XCBuildConfiguration;
			buildSettings = {
				ASSETCATALOG_COMPILER_APPICON_NAME = AppIcon;
				ASSETCATALOG_COMPILER_GLOBAL_ACCENT_COLOR_NAME = AccentColor;
				CODE_SIGN_STYLE = Automatic;
				DEVELOPMENT_TEAM = AMJ3KHQ4M5;
				INFOPLIST_FILE = "Person Back Data Parsing (Closure)/Info.plist";
				LD_RUNPATH_SEARCH_PATHS = (
					"$(inherited)",
					"@executable_path/Frameworks",
				);
				PRODUCT_BUNDLE_IDENTIFIER = "com.arifashraf.Person-Back-Data-Parsing--Closure-";
				PRODUCT_NAME = "$(TARGET_NAME)";
				SWIFT_VERSION = 5.0;
				TARGETED_DEVICE_FAMILY = "1,2";
			};
			name = Release;
		};
/* End XCBuildConfiguration section */

/* Begin XCConfigurationList section */
		E3AC401726A724BE0049B467 /* Build configuration list for PBXProject "Person Back Data Parsing (Closure)" */ = {
			isa = XCConfigurationList;
			buildConfigurations = (
				E3AC402E26A724C50049B467 /* Debug */,
				E3AC402F26A724C50049B467 /* Release */,
			);
			defaultConfigurationIsVisible = 0;
			defaultConfigurationName = Release;
		};
		E3AC403026A724C50049B467 /* Build configuration list for PBXNativeTarget "Person Back Data Parsing (Closure)" */ = {
			isa = XCConfigurationList;
			buildConfigurations = (
				E3AC403126A724C50049B467 /* Debug */,
				E3AC403226A724C50049B467 /* Release */,
			);
			defaultConfigurationIsVisible = 0;
			defaultConfigurationName = Release;
		};
/* End XCConfigurationList section */
	};
	rootObject = E3AC401426A724BE0049B467 /* Project object */;
}
